// !$*UTF8*$!
{
	archiveVersion = 1;
	classes = {
	};
	objectVersion = 46;
	objects = {

/* Begin PBXBuildFile section */
		750112C71C167CDC003628BF /* MBProgressHUD.m in Sources */ = {isa = PBXBuildFile; fileRef = 750112C61C167CDC003628BF /* MBProgressHUD.m */; };
		750112CC1C177C3B003628BF /* OrdenDeVueloViewController.m in Sources */ = {isa = PBXBuildFile; fileRef = 750112CB1C177C3B003628BF /* OrdenDeVueloViewController.m */; };
		750112CF1C178A7E003628BF /* TripulacionOrdenCell.m in Sources */ = {isa = PBXBuildFile; fileRef = 750112CE1C178A7E003628BF /* TripulacionOrdenCell.m */; };
		750112D51C17B68A003628BF /* OrdenFragmentariaViewController.m in Sources */ = {isa = PBXBuildFile; fileRef = 750112D41C17B68A003628BF /* OrdenFragmentariaViewController.m */; };
		750112D81C1A8D4A003628BF /* FrecuenciasTableViewCell.m in Sources */ = {isa = PBXBuildFile; fileRef = 750112D71C1A8D4A003628BF /* FrecuenciasTableViewCell.m */; };
		750112DB1C1A9120003628BF /* RestriccionCell.m in Sources */ = {isa = PBXBuildFile; fileRef = 750112DA1C1A9120003628BF /* RestriccionCell.m */; };
		750112DE1C1A94E8003628BF /* TripulacionFragmentariaCell.m in Sources */ = {isa = PBXBuildFile; fileRef = 750112DD1C1A94E8003628BF /* TripulacionFragmentariaCell.m */; };
		750112E11C1BE874003628BF /* RequerimientoViewController.m in Sources */ = {isa = PBXBuildFile; fileRef = 750112E01C1BE874003628BF /* RequerimientoViewController.m */; };
		750CEA631D8251A700A52809 /* ipad1.jpg in Resources */ = {isa = PBXBuildFile; fileRef = 750CEA621D8251A700A52809 /* ipad1.jpg */; };
		752D0DDF1F46A250008D6CE0 /* ListSaver.m in Sources */ = {isa = PBXBuildFile; fileRef = 752D0DDE1F46A250008D6CE0 /* ListSaver.m */; };
		754D7A701B8D56AB00A1B158 /* main.m in Sources */ = {isa = PBXBuildFile; fileRef = 754D7A6F1B8D56AB00A1B158 /* main.m */; };
		754D7A731B8D56AB00A1B158 /* AppDelegate.m in Sources */ = {isa = PBXBuildFile; fileRef = 754D7A721B8D56AB00A1B158 /* AppDelegate.m */; };
		754D7A761B8D56AB00A1B158 /* Aviacion.xcdatamodeld in Sources */ = {isa = PBXBuildFile; fileRef = 754D7A741B8D56AB00A1B158 /* Aviacion.xcdatamodeld */; };
		754D7A791B8D56AB00A1B158 /* MasterViewController.m in Sources */ = {isa = PBXBuildFile; fileRef = 754D7A781B8D56AB00A1B158 /* MasterViewController.m */; };
		754D7A7C1B8D56AB00A1B158 /* DetailViewController.m in Sources */ = {isa = PBXBuildFile; fileRef = 754D7A7B1B8D56AB00A1B158 /* DetailViewController.m */; };
		754D7A7F1B8D56AB00A1B158 /* Main.storyboard in Resources */ = {isa = PBXBuildFile; fileRef = 754D7A7D1B8D56AB00A1B158 /* Main.storyboard */; };
		754D7A811B8D56AB00A1B158 /* Images.xcassets in Resources */ = {isa = PBXBuildFile; fileRef = 754D7A801B8D56AB00A1B158 /* Images.xcassets */; };
		754D7A841B8D56AB00A1B158 /* LaunchScreen.xib in Resources */ = {isa = PBXBuildFile; fileRef = 754D7A821B8D56AB00A1B158 /* LaunchScreen.xib */; };
		754D7A9B1B8FF7B100A1B158 /* ServerCommunicator.m in Sources */ = {isa = PBXBuildFile; fileRef = 754D7A9A1B8FF7B100A1B158 /* ServerCommunicator.m */; };
		754D7A9F1B8FF82F00A1B158 /* IAmCoder.m in Sources */ = {isa = PBXBuildFile; fileRef = 754D7A9E1B8FF82F00A1B158 /* IAmCoder.m */; };
		754D7AA11B8FF90F00A1B158 /* UIKit.framework in Frameworks */ = {isa = PBXBuildFile; fileRef = 754D7AA01B8FF90F00A1B158 /* UIKit.framework */; };
		754D7AA51B9003E000A1B158 /* FileSaver.m in Sources */ = {isa = PBXBuildFile; fileRef = 754D7AA41B9003E000A1B158 /* FileSaver.m */; };
		754D7AAA1B90096900A1B158 /* FirstViewController.m in Sources */ = {isa = PBXBuildFile; fileRef = 754D7AA91B90096900A1B158 /* FirstViewController.m */; };
		754D7AAD1B901F2900A1B158 /* MainViewController.m in Sources */ = {isa = PBXBuildFile; fileRef = 754D7AAC1B901F2900A1B158 /* MainViewController.m */; };
		756A2B771BA3706A00A1B4B9 /* RegistroDeVueloViewController.m in Sources */ = {isa = PBXBuildFile; fileRef = 756A2B761BA3706A00A1B4B9 /* RegistroDeVueloViewController.m */; };
		756A2B7C1BA37E4500A1B4B9 /* PiernasListTableViewController.m in Sources */ = {isa = PBXBuildFile; fileRef = 756A2B7B1BA37E4500A1B4B9 /* PiernasListTableViewController.m */; };
		756A2B7F1BA3805200A1B4B9 /* PiernasDetailViewController.m in Sources */ = {isa = PBXBuildFile; fileRef = 756A2B7E1BA3805200A1B4B9 /* PiernasDetailViewController.m */; };
		756A2B831BA3886A00A1B4B9 /* PiernasCell.m in Sources */ = {isa = PBXBuildFile; fileRef = 756A2B821BA3886A00A1B4B9 /* PiernasCell.m */; };
		756A2B851BA763AF00A1B4B9 /* CoreData.framework in Frameworks */ = {isa = PBXBuildFile; fileRef = 756A2B841BA763AF00A1B4B9 /* CoreData.framework */; };
		756A2B891BA7AAB400A1B4B9 /* Model.xcdatamodeld in Sources */ = {isa = PBXBuildFile; fileRef = 756A2B871BA7AAB400A1B4B9 /* Model.xcdatamodeld */; };
		756A2BC31BA902E600A1B4B9 /* GenericTableViewController.m in Sources */ = {isa = PBXBuildFile; fileRef = 756A2BC21BA902E600A1B4B9 /* GenericTableViewController.m */; };
		756A2BC61BA9CC9200A1B4B9 /* TripulacionCell.m in Sources */ = {isa = PBXBuildFile; fileRef = 756A2BC51BA9CC9200A1B4B9 /* TripulacionCell.m */; };
		756A2BC91BA9D29C00A1B4B9 /* GenericDetailViewController.m in Sources */ = {isa = PBXBuildFile; fileRef = 756A2BC81BA9D29C00A1B4B9 /* GenericDetailViewController.m */; };
		756A2BCC1BAA298000A1B4B9 /* MunicionImpactosCell.m in Sources */ = {isa = PBXBuildFile; fileRef = 756A2BCB1BAA298000A1B4B9 /* MunicionImpactosCell.m */; };
		756A2BCF1BAA299F00A1B4B9 /* PuntosCell.m in Sources */ = {isa = PBXBuildFile; fileRef = 756A2BCE1BAA299F00A1B4B9 /* PuntosCell.m */; };
		756AF5181BABE0D900AA5A57 /* Bitmap@1x.png in Resources */ = {isa = PBXBuildFile; fileRef = 756AF5091BABE0D900AA5A57 /* Bitmap@1x.png */; };
		756AF5191BABE0D900AA5A57 /* Bitmap@2x.png in Resources */ = {isa = PBXBuildFile; fileRef = 756AF50A1BABE0D900AA5A57 /* Bitmap@2x.png */; };
		756AF51A1BABE0D900AA5A57 /* Bitmap@3x.png in Resources */ = {isa = PBXBuildFile; fileRef = 756AF50B1BABE0D900AA5A57 /* Bitmap@3x.png */; };
		756AF51B1BABE0D900AA5A57 /* button@1x.png in Resources */ = {isa = PBXBuildFile; fileRef = 756AF50C1BABE0D900AA5A57 /* button@1x.png */; };
		756AF51C1BABE0D900AA5A57 /* button@2x.png in Resources */ = {isa = PBXBuildFile; fileRef = 756AF50D1BABE0D900AA5A57 /* button@2x.png */; };
		756AF51D1BABE0D900AA5A57 /* button@3x.png in Resources */ = {isa = PBXBuildFile; fileRef = 756AF50E1BABE0D900AA5A57 /* button@3x.png */; };
		756AF51E1BABE0D900AA5A57 /* Rectangle 54 Copy@1x.png in Resources */ = {isa = PBXBuildFile; fileRef = 756AF50F1BABE0D900AA5A57 /* Rectangle 54 Copy@1x.png */; };
		756AF51F1BABE0D900AA5A57 /* Rectangle 54 Copy@2x.png in Resources */ = {isa = PBXBuildFile; fileRef = 756AF5101BABE0D900AA5A57 /* Rectangle 54 Copy@2x.png */; };
		756AF5201BABE0D900AA5A57 /* Rectangle 54 Copy@3x.png in Resources */ = {isa = PBXBuildFile; fileRef = 756AF5111BABE0D900AA5A57 /* Rectangle 54 Copy@3x.png */; };
		756AF5211BABE0D900AA5A57 /* Rectangle 54@1x.png in Resources */ = {isa = PBXBuildFile; fileRef = 756AF5121BABE0D900AA5A57 /* Rectangle 54@1x.png */; };
		756AF5221BABE0D900AA5A57 /* Rectangle 54@2x.png in Resources */ = {isa = PBXBuildFile; fileRef = 756AF5131BABE0D900AA5A57 /* Rectangle 54@2x.png */; };
		756AF5231BABE0D900AA5A57 /* Rectangle 54@3x.png in Resources */ = {isa = PBXBuildFile; fileRef = 756AF5141BABE0D900AA5A57 /* Rectangle 54@3x.png */; };
		756AF5241BABE0D900AA5A57 /* Rectangle 267@1x.png in Resources */ = {isa = PBXBuildFile; fileRef = 756AF5151BABE0D900AA5A57 /* Rectangle 267@1x.png */; };
		756AF5251BABE0D900AA5A57 /* Rectangle 267@2x.png in Resources */ = {isa = PBXBuildFile; fileRef = 756AF5161BABE0D900AA5A57 /* Rectangle 267@2x.png */; };
		756AF5261BABE0D900AA5A57 /* Rectangle 267@3x.png in Resources */ = {isa = PBXBuildFile; fileRef = 756AF5171BABE0D900AA5A57 /* Rectangle 267@3x.png */; };
		75AB152E1C1299B20091CC7C /* RiesgoAlaFijaViewController.m in Sources */ = {isa = PBXBuildFile; fileRef = 75AB152D1C1299B20091CC7C /* RiesgoAlaFijaViewController.m */; };
		75AB15351C137E9F0091CC7C /* ListasFijas.m in Sources */ = {isa = PBXBuildFile; fileRef = 75AB15341C137E9F0091CC7C /* ListasFijas.m */; };
		75CEC0C71C1CEFD6006A7675 /* TanqueoArmamentoRequerimientoCell.m in Sources */ = {isa = PBXBuildFile; fileRef = 75CEC0C61C1CEFD6006A7675 /* TanqueoArmamentoRequerimientoCell.m */; };
		75CEC0CA1C1D07A9006A7675 /* PiernasRequerimientoCell.m in Sources */ = {isa = PBXBuildFile; fileRef = 75CEC0C91C1D07A9006A7675 /* PiernasRequerimientoCell.m */; };
		75CEC0CD1C1F956B006A7675 /* RiesgoAlaRotatoriaViewController.m in Sources */ = {isa = PBXBuildFile; fileRef = 75CEC0CC1C1F956B006A7675 /* RiesgoAlaRotatoriaViewController.m */; };
		75CEC0D01C20BED2006A7675 /* EntregaAeronaveViewController.m in Sources */ = {isa = PBXBuildFile; fileRef = 75CEC0CF1C20BED2006A7675 /* EntregaAeronaveViewController.m */; };
		75CEC0D41C210DE2006A7675 /* DetalleEntregaAeronaveViewController.m in Sources */ = {isa = PBXBuildFile; fileRef = 75CEC0D31C210DE2006A7675 /* DetalleEntregaAeronaveViewController.m */; };
		75CEC0D71C211602006A7675 /* EntregaAeronaveCell.m in Sources */ = {isa = PBXBuildFile; fileRef = 75CEC0D61C211602006A7675 /* EntregaAeronaveCell.m */; };
		75CEC0DA1C2276A2006A7675 /* MisionCumplidaViewController.m in Sources */ = {isa = PBXBuildFile; fileRef = 75CEC0D91C2276A2006A7675 /* MisionCumplidaViewController.m */; };
		75ED2AA11E4C2B04007FFA21 /* ipad.jpg in Resources */ = {isa = PBXBuildFile; fileRef = 75ED2AA01E4C2B04007FFA21 /* ipad.jpg */; };
/* End PBXBuildFile section */

/* Begin PBXFileReference section */
		750112C51C167CDC003628BF /* MBProgressHUD.h */ = {isa = PBXFileReference; fileEncoding = 4; lastKnownFileType = sourcecode.c.h; path = MBProgressHUD.h; sourceTree = "<group>"; };
		750112C61C167CDC003628BF /* MBProgressHUD.m */ = {isa = PBXFileReference; fileEncoding = 4; lastKnownFileType = sourcecode.c.objc; path = MBProgressHUD.m; sourceTree = "<group>"; };
		750112CA1C177C3B003628BF /* OrdenDeVueloViewController.h */ = {isa = PBXFileReference; fileEncoding = 4; lastKnownFileType = sourcecode.c.h; path = OrdenDeVueloViewController.h; sourceTree = "<group>"; };
		750112CB1C177C3B003628BF /* OrdenDeVueloViewController.m */ = {isa = PBXFileReference; fileEncoding = 4; lastKnownFileType = sourcecode.c.objc; path = OrdenDeVueloViewController.m; sourceTree = "<group>"; };
		750112CD1C178A7E003628BF /* TripulacionOrdenCell.h */ = {isa = PBXFileReference; fileEncoding = 4; lastKnownFileType = sourcecode.c.h; path = TripulacionOrdenCell.h; sourceTree = "<group>"; };
		750112CE1C178A7E003628BF /* TripulacionOrdenCell.m */ = {isa = PBXFileReference; fileEncoding = 4; lastKnownFileType = sourcecode.c.objc; path = TripulacionOrdenCell.m; sourceTree = "<group>"; };
		750112D31C17B68A003628BF /* OrdenFragmentariaViewController.h */ = {isa = PBXFileReference; fileEncoding = 4; lastKnownFileType = sourcecode.c.h; path = OrdenFragmentariaViewController.h; sourceTree = "<group>"; };
		750112D41C17B68A003628BF /* OrdenFragmentariaViewController.m */ = {isa = PBXFileReference; fileEncoding = 4; lastKnownFileType = sourcecode.c.objc; path = OrdenFragmentariaViewController.m; sourceTree = "<group>"; };
		750112D61C1A8D4A003628BF /* FrecuenciasTableViewCell.h */ = {isa = PBXFileReference; fileEncoding = 4; lastKnownFileType = sourcecode.c.h; path = FrecuenciasTableViewCell.h; sourceTree = "<group>"; };
		750112D71C1A8D4A003628BF /* FrecuenciasTableViewCell.m */ = {isa = PBXFileReference; fileEncoding = 4; lastKnownFileType = sourcecode.c.objc; path = FrecuenciasTableViewCell.m; sourceTree = "<group>"; };
		750112D91C1A9120003628BF /* RestriccionCell.h */ = {isa = PBXFileReference; fileEncoding = 4; lastKnownFileType = sourcecode.c.h; path = RestriccionCell.h; sourceTree = "<group>"; };
		750112DA1C1A9120003628BF /* RestriccionCell.m */ = {isa = PBXFileReference; fileEncoding = 4; lastKnownFileType = sourcecode.c.objc; path = RestriccionCell.m; sourceTree = "<group>"; };
		750112DC1C1A94E8003628BF /* TripulacionFragmentariaCell.h */ = {isa = PBXFileReference; fileEncoding = 4; lastKnownFileType = sourcecode.c.h; path = TripulacionFragmentariaCell.h; sourceTree = "<group>"; };
		750112DD1C1A94E8003628BF /* TripulacionFragmentariaCell.m */ = {isa = PBXFileReference; fileEncoding = 4; lastKnownFileType = sourcecode.c.objc; path = TripulacionFragmentariaCell.m; sourceTree = "<group>"; };
		750112DF1C1BE874003628BF /* RequerimientoViewController.h */ = {isa = PBXFileReference; fileEncoding = 4; lastKnownFileType = sourcecode.c.h; path = RequerimientoViewController.h; sourceTree = "<group>"; };
		750112E01C1BE874003628BF /* RequerimientoViewController.m */ = {isa = PBXFileReference; fileEncoding = 4; lastKnownFileType = sourcecode.c.objc; path = RequerimientoViewController.m; sourceTree = "<group>"; };
		750CEA621D8251A700A52809 /* ipad1.jpg */ = {isa = PBXFileReference; lastKnownFileType = image.jpeg; path = ipad1.jpg; sourceTree = "<group>"; };
		752D0DDD1F46A216008D6CE0 /* ListSaver.h */ = {isa = PBXFileReference; lastKnownFileType = sourcecode.c.h; path = ListSaver.h; sourceTree = "<group>"; };
		752D0DDE1F46A250008D6CE0 /* ListSaver.m */ = {isa = PBXFileReference; fileEncoding = 4; lastKnownFileType = sourcecode.c.objc; path = ListSaver.m; sourceTree = "<group>"; };
		754D7A6A1B8D56AB00A1B158 /* Aviacion.app */ = {isa = PBXFileReference; explicitFileType = wrapper.application; includeInIndex = 0; path = Aviacion.app; sourceTree = BUILT_PRODUCTS_DIR; };
		754D7A6E1B8D56AB00A1B158 /* Info.plist */ = {isa = PBXFileReference; lastKnownFileType = text.plist.xml; path = Info.plist; sourceTree = "<group>"; };
		754D7A6F1B8D56AB00A1B158 /* main.m */ = {isa = PBXFileReference; lastKnownFileType = sourcecode.c.objc; path = main.m; sourceTree = "<group>"; };
		754D7A711B8D56AB00A1B158 /* AppDelegate.h */ = {isa = PBXFileReference; lastKnownFileType = sourcecode.c.h; path = AppDelegate.h; sourceTree = "<group>"; };
		754D7A721B8D56AB00A1B158 /* AppDelegate.m */ = {isa = PBXFileReference; lastKnownFileType = sourcecode.c.objc; path = AppDelegate.m; sourceTree = "<group>"; };
		754D7A751B8D56AB00A1B158 /* Aviacion.xcdatamodel */ = {isa = PBXFileReference; lastKnownFileType = wrapper.xcdatamodel; path = Aviacion.xcdatamodel; sourceTree = "<group>"; };
		754D7A771B8D56AB00A1B158 /* MasterViewController.h */ = {isa = PBXFileReference; lastKnownFileType = sourcecode.c.h; path = MasterViewController.h; sourceTree = "<group>"; };
		754D7A781B8D56AB00A1B158 /* MasterViewController.m */ = {isa = PBXFileReference; lastKnownFileType = sourcecode.c.objc; path = MasterViewController.m; sourceTree = "<group>"; };
		754D7A7A1B8D56AB00A1B158 /* DetailViewController.h */ = {isa = PBXFileReference; lastKnownFileType = sourcecode.c.h; path = DetailViewController.h; sourceTree = "<group>"; };
		754D7A7B1B8D56AB00A1B158 /* DetailViewController.m */ = {isa = PBXFileReference; lastKnownFileType = sourcecode.c.objc; path = DetailViewController.m; sourceTree = "<group>"; };
		754D7A7E1B8D56AB00A1B158 /* Base */ = {isa = PBXFileReference; lastKnownFileType = file.storyboard; name = Base; path = Base.lproj/Main.storyboard; sourceTree = "<group>"; };
		754D7A801B8D56AB00A1B158 /* Images.xcassets */ = {isa = PBXFileReference; lastKnownFileType = folder.assetcatalog; path = Images.xcassets; sourceTree = "<group>"; };
		754D7A831B8D56AB00A1B158 /* Base */ = {isa = PBXFileReference; lastKnownFileType = file.xib; name = Base; path = Base.lproj/LaunchScreen.xib; sourceTree = "<group>"; };
		754D7A8E1B8D56AB00A1B158 /* Info.plist */ = {isa = PBXFileReference; lastKnownFileType = text.plist.xml; path = Info.plist; sourceTree = "<group>"; };
		754D7A8F1B8D56AB00A1B158 /* AviacionTests.m */ = {isa = PBXFileReference; lastKnownFileType = sourcecode.c.objc; path = AviacionTests.m; sourceTree = "<group>"; };
		754D7A991B8FF7B100A1B158 /* ServerCommunicator.h */ = {isa = PBXFileReference; fileEncoding = 4; lastKnownFileType = sourcecode.c.h; path = ServerCommunicator.h; sourceTree = "<group>"; };
		754D7A9A1B8FF7B100A1B158 /* ServerCommunicator.m */ = {isa = PBXFileReference; fileEncoding = 4; lastKnownFileType = sourcecode.c.objc; path = ServerCommunicator.m; sourceTree = "<group>"; };
		754D7A9D1B8FF82F00A1B158 /* IAmCoder.h */ = {isa = PBXFileReference; fileEncoding = 4; lastKnownFileType = sourcecode.c.h; path = IAmCoder.h; sourceTree = "<group>"; };
		754D7A9E1B8FF82F00A1B158 /* IAmCoder.m */ = {isa = PBXFileReference; fileEncoding = 4; lastKnownFileType = sourcecode.c.objc; path = IAmCoder.m; sourceTree = "<group>"; };
		754D7AA01B8FF90F00A1B158 /* UIKit.framework */ = {isa = PBXFileReference; lastKnownFileType = wrapper.framework; name = UIKit.framework; path = System/Library/Frameworks/UIKit.framework; sourceTree = SDKROOT; };
		754D7AA31B9003E000A1B158 /* FileSaver.h */ = {isa = PBXFileReference; fileEncoding = 4; lastKnownFileType = sourcecode.c.h; path = FileSaver.h; sourceTree = "<group>"; };
		754D7AA41B9003E000A1B158 /* FileSaver.m */ = {isa = PBXFileReference; fileEncoding = 4; lastKnownFileType = sourcecode.c.objc; path = FileSaver.m; sourceTree = "<group>"; };
		754D7AA81B90096900A1B158 /* FirstViewController.h */ = {isa = PBXFileReference; fileEncoding = 4; lastKnownFileType = sourcecode.c.h; path = FirstViewController.h; sourceTree = "<group>"; };
		754D7AA91B90096900A1B158 /* FirstViewController.m */ = {isa = PBXFileReference; fileEncoding = 4; lastKnownFileType = sourcecode.c.objc; path = FirstViewController.m; sourceTree = "<group>"; };
		754D7AAB1B901F2900A1B158 /* MainViewController.h */ = {isa = PBXFileReference; fileEncoding = 4; lastKnownFileType = sourcecode.c.h; path = MainViewController.h; sourceTree = "<group>"; };
		754D7AAC1B901F2900A1B158 /* MainViewController.m */ = {isa = PBXFileReference; fileEncoding = 4; lastKnownFileType = sourcecode.c.objc; path = MainViewController.m; sourceTree = "<group>"; };
		756A2B751BA3706A00A1B4B9 /* RegistroDeVueloViewController.h */ = {isa = PBXFileReference; fileEncoding = 4; lastKnownFileType = sourcecode.c.h; path = RegistroDeVueloViewController.h; sourceTree = "<group>"; };
		756A2B761BA3706A00A1B4B9 /* RegistroDeVueloViewController.m */ = {isa = PBXFileReference; fileEncoding = 4; lastKnownFileType = sourcecode.c.objc; path = RegistroDeVueloViewController.m; sourceTree = "<group>"; };
		756A2B7A1BA37E4500A1B4B9 /* PiernasListTableViewController.h */ = {isa = PBXFileReference; fileEncoding = 4; lastKnownFileType = sourcecode.c.h; path = PiernasListTableViewController.h; sourceTree = "<group>"; };
		756A2B7B1BA37E4500A1B4B9 /* PiernasListTableViewController.m */ = {isa = PBXFileReference; fileEncoding = 4; lastKnownFileType = sourcecode.c.objc; path = PiernasListTableViewController.m; sourceTree = "<group>"; };
		756A2B7D1BA3805200A1B4B9 /* PiernasDetailViewController.h */ = {isa = PBXFileReference; fileEncoding = 4; lastKnownFileType = sourcecode.c.h; path = PiernasDetailViewController.h; sourceTree = "<group>"; };
		756A2B7E1BA3805200A1B4B9 /* PiernasDetailViewController.m */ = {isa = PBXFileReference; fileEncoding = 4; lastKnownFileType = sourcecode.c.objc; path = PiernasDetailViewController.m; sourceTree = "<group>"; };
		756A2B811BA3886A00A1B4B9 /* PiernasCell.h */ = {isa = PBXFileReference; fileEncoding = 4; lastKnownFileType = sourcecode.c.h; path = PiernasCell.h; sourceTree = "<group>"; };
		756A2B821BA3886A00A1B4B9 /* PiernasCell.m */ = {isa = PBXFileReference; fileEncoding = 4; lastKnownFileType = sourcecode.c.objc; path = PiernasCell.m; sourceTree = "<group>"; };
		756A2B841BA763AF00A1B4B9 /* CoreData.framework */ = {isa = PBXFileReference; lastKnownFileType = wrapper.framework; name = CoreData.framework; path = System/Library/Frameworks/CoreData.framework; sourceTree = SDKROOT; };
		756A2B881BA7AAB400A1B4B9 /* Model.xcdatamodel */ = {isa = PBXFileReference; lastKnownFileType = wrapper.xcdatamodel; path = Model.xcdatamodel; sourceTree = "<group>"; };
		756A2BC11BA902E600A1B4B9 /* GenericTableViewController.h */ = {isa = PBXFileReference; fileEncoding = 4; lastKnownFileType = sourcecode.c.h; path = GenericTableViewController.h; sourceTree = "<group>"; };
		756A2BC21BA902E600A1B4B9 /* GenericTableViewController.m */ = {isa = PBXFileReference; fileEncoding = 4; lastKnownFileType = sourcecode.c.objc; path = GenericTableViewController.m; sourceTree = "<group>"; };
		756A2BC41BA9CC9200A1B4B9 /* TripulacionCell.h */ = {isa = PBXFileReference; fileEncoding = 4; lastKnownFileType = sourcecode.c.h; path = TripulacionCell.h; sourceTree = "<group>"; };
		756A2BC51BA9CC9200A1B4B9 /* TripulacionCell.m */ = {isa = PBXFileReference; fileEncoding = 4; lastKnownFileType = sourcecode.c.objc; path = TripulacionCell.m; sourceTree = "<group>"; };
		756A2BC71BA9D29C00A1B4B9 /* GenericDetailViewController.h */ = {isa = PBXFileReference; fileEncoding = 4; lastKnownFileType = sourcecode.c.h; path = GenericDetailViewController.h; sourceTree = "<group>"; };
		756A2BC81BA9D29C00A1B4B9 /* GenericDetailViewController.m */ = {isa = PBXFileReference; fileEncoding = 4; lastKnownFileType = sourcecode.c.objc; path = GenericDetailViewController.m; sourceTree = "<group>"; };
		756A2BCA1BAA298000A1B4B9 /* MunicionImpactosCell.h */ = {isa = PBXFileReference; fileEncoding = 4; lastKnownFileType = sourcecode.c.h; path = MunicionImpactosCell.h; sourceTree = "<group>"; };
		756A2BCB1BAA298000A1B4B9 /* MunicionImpactosCell.m */ = {isa = PBXFileReference; fileEncoding = 4; lastKnownFileType = sourcecode.c.objc; path = MunicionImpactosCell.m; sourceTree = "<group>"; };
		756A2BCD1BAA299F00A1B4B9 /* PuntosCell.h */ = {isa = PBXFileReference; fileEncoding = 4; lastKnownFileType = sourcecode.c.h; path = PuntosCell.h; sourceTree = "<group>"; };
		756A2BCE1BAA299F00A1B4B9 /* PuntosCell.m */ = {isa = PBXFileReference; fileEncoding = 4; lastKnownFileType = sourcecode.c.objc; path = PuntosCell.m; sourceTree = "<group>"; };
		756AF5091BABE0D900AA5A57 /* Bitmap@1x.png */ = {isa = PBXFileReference; lastKnownFileType = image.png; path = "Bitmap@1x.png"; sourceTree = "<group>"; };
		756AF50A1BABE0D900AA5A57 /* Bitmap@2x.png */ = {isa = PBXFileReference; lastKnownFileType = image.png; path = "Bitmap@2x.png"; sourceTree = "<group>"; };
		756AF50B1BABE0D900AA5A57 /* Bitmap@3x.png */ = {isa = PBXFileReference; lastKnownFileType = image.png; path = "Bitmap@3x.png"; sourceTree = "<group>"; };
		756AF50C1BABE0D900AA5A57 /* button@1x.png */ = {isa = PBXFileReference; lastKnownFileType = image.png; path = "button@1x.png"; sourceTree = "<group>"; };
		756AF50D1BABE0D900AA5A57 /* button@2x.png */ = {isa = PBXFileReference; lastKnownFileType = image.png; path = "button@2x.png"; sourceTree = "<group>"; };
		756AF50E1BABE0D900AA5A57 /* button@3x.png */ = {isa = PBXFileReference; lastKnownFileType = image.png; path = "button@3x.png"; sourceTree = "<group>"; };
		756AF50F1BABE0D900AA5A57 /* Rectangle 54 Copy@1x.png */ = {isa = PBXFileReference; lastKnownFileType = image.png; path = "Rectangle 54 Copy@1x.png"; sourceTree = "<group>"; };
		756AF5101BABE0D900AA5A57 /* Rectangle 54 Copy@2x.png */ = {isa = PBXFileReference; lastKnownFileType = image.png; path = "Rectangle 54 Copy@2x.png"; sourceTree = "<group>"; };
		756AF5111BABE0D900AA5A57 /* Rectangle 54 Copy@3x.png */ = {isa = PBXFileReference; lastKnownFileType = image.png; path = "Rectangle 54 Copy@3x.png"; sourceTree = "<group>"; };
		756AF5121BABE0D900AA5A57 /* Rectangle 54@1x.png */ = {isa = PBXFileReference; lastKnownFileType = image.png; path = "Rectangle 54@1x.png"; sourceTree = "<group>"; };
		756AF5131BABE0D900AA5A57 /* Rectangle 54@2x.png */ = {isa = PBXFileReference; lastKnownFileType = image.png; path = "Rectangle 54@2x.png"; sourceTree = "<group>"; };
		756AF5141BABE0D900AA5A57 /* Rectangle 54@3x.png */ = {isa = PBXFileReference; lastKnownFileType = image.png; path = "Rectangle 54@3x.png"; sourceTree = "<group>"; };
		756AF5151BABE0D900AA5A57 /* Rectangle 267@1x.png */ = {isa = PBXFileReference; lastKnownFileType = image.png; path = "Rectangle 267@1x.png"; sourceTree = "<group>"; };
		756AF5161BABE0D900AA5A57 /* Rectangle 267@2x.png */ = {isa = PBXFileReference; lastKnownFileType = image.png; path = "Rectangle 267@2x.png"; sourceTree = "<group>"; };
		756AF5171BABE0D900AA5A57 /* Rectangle 267@3x.png */ = {isa = PBXFileReference; lastKnownFileType = image.png; path = "Rectangle 267@3x.png"; sourceTree = "<group>"; };
		75AB152C1C1299B20091CC7C /* RiesgoAlaFijaViewController.h */ = {isa = PBXFileReference; fileEncoding = 4; lastKnownFileType = sourcecode.c.h; path = RiesgoAlaFijaViewController.h; sourceTree = "<group>"; };
		75AB152D1C1299B20091CC7C /* RiesgoAlaFijaViewController.m */ = {isa = PBXFileReference; fileEncoding = 4; lastKnownFileType = sourcecode.c.objc; path = RiesgoAlaFijaViewController.m; sourceTree = "<group>"; };
		75AB15331C137E9E0091CC7C /* ListasFijas.h */ = {isa = PBXFileReference; fileEncoding = 4; lastKnownFileType = sourcecode.c.h; path = ListasFijas.h; sourceTree = "<group>"; };
		75AB15341C137E9F0091CC7C /* ListasFijas.m */ = {isa = PBXFileReference; fileEncoding = 4; lastKnownFileType = sourcecode.c.objc; path = ListasFijas.m; sourceTree = "<group>"; };
		75CEC0C51C1CEFD6006A7675 /* TanqueoArmamentoRequerimientoCell.h */ = {isa = PBXFileReference; fileEncoding = 4; lastKnownFileType = sourcecode.c.h; path = TanqueoArmamentoRequerimientoCell.h; sourceTree = "<group>"; };
		75CEC0C61C1CEFD6006A7675 /* TanqueoArmamentoRequerimientoCell.m */ = {isa = PBXFileReference; fileEncoding = 4; lastKnownFileType = sourcecode.c.objc; path = TanqueoArmamentoRequerimientoCell.m; sourceTree = "<group>"; };
		75CEC0C81C1D07A9006A7675 /* PiernasRequerimientoCell.h */ = {isa = PBXFileReference; fileEncoding = 4; lastKnownFileType = sourcecode.c.h; path = PiernasRequerimientoCell.h; sourceTree = "<group>"; };
		75CEC0C91C1D07A9006A7675 /* PiernasRequerimientoCell.m */ = {isa = PBXFileReference; fileEncoding = 4; lastKnownFileType = sourcecode.c.objc; path = PiernasRequerimientoCell.m; sourceTree = "<group>"; };
		75CEC0CB1C1F956B006A7675 /* RiesgoAlaRotatoriaViewController.h */ = {isa = PBXFileReference; fileEncoding = 4; lastKnownFileType = sourcecode.c.h; path = RiesgoAlaRotatoriaViewController.h; sourceTree = "<group>"; };
		75CEC0CC1C1F956B006A7675 /* RiesgoAlaRotatoriaViewController.m */ = {isa = PBXFileReference; fileEncoding = 4; lastKnownFileType = sourcecode.c.objc; path = RiesgoAlaRotatoriaViewController.m; sourceTree = "<group>"; };
		75CEC0CE1C20BED2006A7675 /* EntregaAeronaveViewController.h */ = {isa = PBXFileReference; fileEncoding = 4; lastKnownFileType = sourcecode.c.h; path = EntregaAeronaveViewController.h; sourceTree = "<group>"; };
		75CEC0CF1C20BED2006A7675 /* EntregaAeronaveViewController.m */ = {isa = PBXFileReference; fileEncoding = 4; lastKnownFileType = sourcecode.c.objc; path = EntregaAeronaveViewController.m; sourceTree = "<group>"; };
		75CEC0D21C210DE2006A7675 /* DetalleEntregaAeronaveViewController.h */ = {isa = PBXFileReference; fileEncoding = 4; lastKnownFileType = sourcecode.c.h; path = DetalleEntregaAeronaveViewController.h; sourceTree = "<group>"; };
		75CEC0D31C210DE2006A7675 /* DetalleEntregaAeronaveViewController.m */ = {isa = PBXFileReference; fileEncoding = 4; lastKnownFileType = sourcecode.c.objc; path = DetalleEntregaAeronaveViewController.m; sourceTree = "<group>"; };
		75CEC0D51C211602006A7675 /* EntregaAeronaveCell.h */ = {isa = PBXFileReference; fileEncoding = 4; lastKnownFileType = sourcecode.c.h; path = EntregaAeronaveCell.h; sourceTree = "<group>"; };
		75CEC0D61C211602006A7675 /* EntregaAeronaveCell.m */ = {isa = PBXFileReference; fileEncoding = 4; lastKnownFileType = sourcecode.c.objc; path = EntregaAeronaveCell.m; sourceTree = "<group>"; };
		75CEC0D81C2276A2006A7675 /* MisionCumplidaViewController.h */ = {isa = PBXFileReference; fileEncoding = 4; lastKnownFileType = sourcecode.c.h; path = MisionCumplidaViewController.h; sourceTree = "<group>"; };
		75CEC0D91C2276A2006A7675 /* MisionCumplidaViewController.m */ = {isa = PBXFileReference; fileEncoding = 4; lastKnownFileType = sourcecode.c.objc; path = MisionCumplidaViewController.m; sourceTree = "<group>"; };
		75ED2AA01E4C2B04007FFA21 /* ipad.jpg */ = {isa = PBXFileReference; lastKnownFileType = image.jpeg; path = ipad.jpg; sourceTree = "<group>"; };
/* End PBXFileReference section */

/* Begin PBXFrameworksBuildPhase section */
		754D7A671B8D56AB00A1B158 /* Frameworks */ = {
			isa = PBXFrameworksBuildPhase;
			buildActionMask = 2147483647;
			files = (
				756A2B851BA763AF00A1B4B9 /* CoreData.framework in Frameworks */,
				754D7AA11B8FF90F00A1B158 /* UIKit.framework in Frameworks */,
			);
			runOnlyForDeploymentPostprocessing = 0;
		};
/* End PBXFrameworksBuildPhase section */

/* Begin PBXGroup section */
		750112C21C167A4D003628BF /* TemplateNotUsed */ = {
			isa = PBXGroup;
			children = (
				754D7A771B8D56AB00A1B158 /* MasterViewController.h */,
				754D7A781B8D56AB00A1B158 /* MasterViewController.m */,
				754D7A7A1B8D56AB00A1B158 /* DetailViewController.h */,
				754D7A7B1B8D56AB00A1B158 /* DetailViewController.m */,
			);
			name = TemplateNotUsed;
			sourceTree = "<group>";
		};
		750112C31C167A67003628BF /* Login */ = {
			isa = PBXGroup;
			children = (
				754D7AA81B90096900A1B158 /* FirstViewController.h */,
				754D7AA91B90096900A1B158 /* FirstViewController.m */,
			);
			name = Login;
			sourceTree = "<group>";
		};
		750112C41C167A75003628BF /* MainView */ = {
			isa = PBXGroup;
			children = (
				754D7AAB1B901F2900A1B158 /* MainViewController.h */,
				754D7AAC1B901F2900A1B158 /* MainViewController.m */,
			);
			name = MainView;
			sourceTree = "<group>";
		};
		750112C81C167CE1003628BF /* Utilities */ = {
			isa = PBXGroup;
			children = (
				754D7AA21B90032200A1B158 /* iAmCoder */,
				754D7A9C1B8FF7BC00A1B158 /* ServerCommunicator */,
				754D7AA61B90091400A1B158 /* FileSaver */,
				75AB15361C13846E0091CC7C /* ListasFijas */,
				750112C21C167A4D003628BF /* TemplateNotUsed */,
				756A2B801BA3884E00A1B4B9 /* Cells */,
				750112C91C167CE9003628BF /* MBProgressHud */,
			);
			name = Utilities;
			sourceTree = "<group>";
		};
		750112C91C167CE9003628BF /* MBProgressHud */ = {
			isa = PBXGroup;
			children = (
				750112C51C167CDC003628BF /* MBProgressHUD.h */,
				750112C61C167CDC003628BF /* MBProgressHUD.m */,
			);
			name = MBProgressHud;
			sourceTree = "<group>";
		};
		750112D01C178BB9003628BF /* OrdenDevuelo */ = {
			isa = PBXGroup;
			children = (
				750112CA1C177C3B003628BF /* OrdenDeVueloViewController.h */,
				750112CB1C177C3B003628BF /* OrdenDeVueloViewController.m */,
			);
			name = OrdenDevuelo;
			sourceTree = "<group>";
		};
		750112D11C178BEC003628BF /* ViewControllers */ = {
			isa = PBXGroup;
			children = (
				750112D21C17B667003628BF /* OrdenFragmentaria */,
				750112C31C167A67003628BF /* Login */,
				750112C41C167A75003628BF /* MainView */,
				756A2B781BA375DE00A1B4B9 /* RegistroDeVuelo */,
				750112D01C178BB9003628BF /* OrdenDevuelo */,
				75AB152B1C1299460091CC7C /* Riesgo */,
				750112E21C1BE87B003628BF /* Requerimiento */,
				75CEC0D11C20BEDB006A7675 /* EntregaAeronave */,
				75CEC0DB1C228A42006A7675 /* MisionCumplida */,
			);
			name = ViewControllers;
			sourceTree = "<group>";
		};
		750112D21C17B667003628BF /* OrdenFragmentaria */ = {
			isa = PBXGroup;
			children = (
				750112D31C17B68A003628BF /* OrdenFragmentariaViewController.h */,
				750112D41C17B68A003628BF /* OrdenFragmentariaViewController.m */,
			);
			name = OrdenFragmentaria;
			sourceTree = "<group>";
		};
		750112E21C1BE87B003628BF /* Requerimiento */ = {
			isa = PBXGroup;
			children = (
				750112DF1C1BE874003628BF /* RequerimientoViewController.h */,
				750112E01C1BE874003628BF /* RequerimientoViewController.m */,
			);
			name = Requerimiento;
			sourceTree = "<group>";
		};
		754D7A611B8D56AB00A1B158 = {
			isa = PBXGroup;
			children = (
				756A2B841BA763AF00A1B4B9 /* CoreData.framework */,
				754D7AA01B8FF90F00A1B158 /* UIKit.framework */,
				754D7A6C1B8D56AB00A1B158 /* Aviacion */,
				754D7A8C1B8D56AB00A1B158 /* AviacionTests */,
				754D7A6B1B8D56AB00A1B158 /* Products */,
			);
			sourceTree = "<group>";
		};
		754D7A6B1B8D56AB00A1B158 /* Products */ = {
			isa = PBXGroup;
			children = (
				754D7A6A1B8D56AB00A1B158 /* Aviacion.app */,
			);
			name = Products;
			sourceTree = "<group>";
		};
		754D7A6C1B8D56AB00A1B158 /* Aviacion */ = {
			isa = PBXGroup;
			children = (
				750112D11C178BEC003628BF /* ViewControllers */,
				750112C81C167CE1003628BF /* Utilities */,
				754D7AA71B90092100A1B158 /* AppDelegate */,
				756A2B861BA7AA9F00A1B4B9 /* Model */,
				75EB80A31BABD5720040B2CF /* Assets */,
				754D7A7D1B8D56AB00A1B158 /* Main.storyboard */,
				754D7A801B8D56AB00A1B158 /* Images.xcassets */,
				754D7A821B8D56AB00A1B158 /* LaunchScreen.xib */,
				754D7A6D1B8D56AB00A1B158 /* Supporting Files */,
			);
			path = Aviacion;
			sourceTree = "<group>";
		};
		754D7A6D1B8D56AB00A1B158 /* Supporting Files */ = {
			isa = PBXGroup;
			children = (
				754D7A6E1B8D56AB00A1B158 /* Info.plist */,
				754D7A6F1B8D56AB00A1B158 /* main.m */,
			);
			name = "Supporting Files";
			sourceTree = "<group>";
		};
		754D7A8C1B8D56AB00A1B158 /* AviacionTests */ = {
			isa = PBXGroup;
			children = (
				754D7A8F1B8D56AB00A1B158 /* AviacionTests.m */,
				754D7A8D1B8D56AB00A1B158 /* Supporting Files */,
			);
			path = AviacionTests;
			sourceTree = "<group>";
		};
		754D7A8D1B8D56AB00A1B158 /* Supporting Files */ = {
			isa = PBXGroup;
			children = (
				754D7A8E1B8D56AB00A1B158 /* Info.plist */,
			);
			name = "Supporting Files";
			sourceTree = "<group>";
		};
		754D7A9C1B8FF7BC00A1B158 /* ServerCommunicator */ = {
			isa = PBXGroup;
			children = (
				754D7A991B8FF7B100A1B158 /* ServerCommunicator.h */,
				754D7A9A1B8FF7B100A1B158 /* ServerCommunicator.m */,
			);
			name = ServerCommunicator;
			sourceTree = "<group>";
		};
		754D7AA21B90032200A1B158 /* iAmCoder */ = {
			isa = PBXGroup;
			children = (
				754D7A9D1B8FF82F00A1B158 /* IAmCoder.h */,
				754D7A9E1B8FF82F00A1B158 /* IAmCoder.m */,
			);
			name = iAmCoder;
			sourceTree = "<group>";
		};
		754D7AA61B90091400A1B158 /* FileSaver */ = {
			isa = PBXGroup;
			children = (
				754D7AA31B9003E000A1B158 /* FileSaver.h */,
				754D7AA41B9003E000A1B158 /* FileSaver.m */,
				752D0DDD1F46A216008D6CE0 /* ListSaver.h */,
				752D0DDE1F46A250008D6CE0 /* ListSaver.m */,
			);
			name = FileSaver;
			sourceTree = "<group>";
		};
		754D7AA71B90092100A1B158 /* AppDelegate */ = {
			isa = PBXGroup;
			children = (
				754D7A711B8D56AB00A1B158 /* AppDelegate.h */,
				754D7A721B8D56AB00A1B158 /* AppDelegate.m */,
			);
			name = AppDelegate;
			sourceTree = "<group>";
		};
		756A2B781BA375DE00A1B4B9 /* RegistroDeVuelo */ = {
			isa = PBXGroup;
			children = (
				756A2B751BA3706A00A1B4B9 /* RegistroDeVueloViewController.h */,
				756A2B761BA3706A00A1B4B9 /* RegistroDeVueloViewController.m */,
				756A2BC01BA902C100A1B4B9 /* GenericDetail */,
				756A2BBF1BA902A100A1B4B9 /* GenericTableViewController */,
				756A2B791BA37DFE00A1B4B9 /* Piernas */,
			);
			name = RegistroDeVuelo;
			sourceTree = "<group>";
		};
		756A2B791BA37DFE00A1B4B9 /* Piernas */ = {
			isa = PBXGroup;
			children = (
				756A2B7A1BA37E4500A1B4B9 /* PiernasListTableViewController.h */,
				756A2B7B1BA37E4500A1B4B9 /* PiernasListTableViewController.m */,
				756A2B7D1BA3805200A1B4B9 /* PiernasDetailViewController.h */,
				756A2B7E1BA3805200A1B4B9 /* PiernasDetailViewController.m */,
			);
			name = Piernas;
			sourceTree = "<group>";
		};
		756A2B801BA3884E00A1B4B9 /* Cells */ = {
			isa = PBXGroup;
			children = (
				756A2B811BA3886A00A1B4B9 /* PiernasCell.h */,
				756A2B821BA3886A00A1B4B9 /* PiernasCell.m */,
				756A2BC41BA9CC9200A1B4B9 /* TripulacionCell.h */,
				756A2BC51BA9CC9200A1B4B9 /* TripulacionCell.m */,
				756A2BCA1BAA298000A1B4B9 /* MunicionImpactosCell.h */,
				756A2BCB1BAA298000A1B4B9 /* MunicionImpactosCell.m */,
				756A2BCD1BAA299F00A1B4B9 /* PuntosCell.h */,
				756A2BCE1BAA299F00A1B4B9 /* PuntosCell.m */,
				750112CD1C178A7E003628BF /* TripulacionOrdenCell.h */,
				750112CE1C178A7E003628BF /* TripulacionOrdenCell.m */,
				750112D61C1A8D4A003628BF /* FrecuenciasTableViewCell.h */,
				750112D71C1A8D4A003628BF /* FrecuenciasTableViewCell.m */,
				750112D91C1A9120003628BF /* RestriccionCell.h */,
				750112DA1C1A9120003628BF /* RestriccionCell.m */,
				750112DC1C1A94E8003628BF /* TripulacionFragmentariaCell.h */,
				750112DD1C1A94E8003628BF /* TripulacionFragmentariaCell.m */,
				75CEC0C51C1CEFD6006A7675 /* TanqueoArmamentoRequerimientoCell.h */,
				75CEC0C61C1CEFD6006A7675 /* TanqueoArmamentoRequerimientoCell.m */,
				75CEC0C81C1D07A9006A7675 /* PiernasRequerimientoCell.h */,
				75CEC0C91C1D07A9006A7675 /* PiernasRequerimientoCell.m */,
				75CEC0D51C211602006A7675 /* EntregaAeronaveCell.h */,
				75CEC0D61C211602006A7675 /* EntregaAeronaveCell.m */,
			);
			name = Cells;
			sourceTree = "<group>";
		};
		756A2B861BA7AA9F00A1B4B9 /* Model */ = {
			isa = PBXGroup;
			children = (
				754D7A741B8D56AB00A1B158 /* Aviacion.xcdatamodeld */,
				756A2B871BA7AAB400A1B4B9 /* Model.xcdatamodeld */,
			);
			name = Model;
			sourceTree = "<group>";
		};
		756A2BBF1BA902A100A1B4B9 /* GenericTableViewController */ = {
			isa = PBXGroup;
			children = (
				756A2BC11BA902E600A1B4B9 /* GenericTableViewController.h */,
				756A2BC21BA902E600A1B4B9 /* GenericTableViewController.m */,
			);
			name = GenericTableViewController;
			sourceTree = "<group>";
		};
		756A2BC01BA902C100A1B4B9 /* GenericDetail */ = {
			isa = PBXGroup;
			children = (
				756A2BC71BA9D29C00A1B4B9 /* GenericDetailViewController.h */,
				756A2BC81BA9D29C00A1B4B9 /* GenericDetailViewController.m */,
			);
			name = GenericDetail;
			sourceTree = "<group>";
		};
		75AB152B1C1299460091CC7C /* Riesgo */ = {
			isa = PBXGroup;
			children = (
				75AB152C1C1299B20091CC7C /* RiesgoAlaFijaViewController.h */,
				75AB152D1C1299B20091CC7C /* RiesgoAlaFijaViewController.m */,
				75CEC0CB1C1F956B006A7675 /* RiesgoAlaRotatoriaViewController.h */,
				75CEC0CC1C1F956B006A7675 /* RiesgoAlaRotatoriaViewController.m */,
			);
			name = Riesgo;
			sourceTree = "<group>";
		};
		75AB15361C13846E0091CC7C /* ListasFijas */ = {
			isa = PBXGroup;
			children = (
				75AB15331C137E9E0091CC7C /* ListasFijas.h */,
				75AB15341C137E9F0091CC7C /* ListasFijas.m */,
			);
			name = ListasFijas;
			sourceTree = "<group>";
		};
		75CEC0D11C20BEDB006A7675 /* EntregaAeronave */ = {
			isa = PBXGroup;
			children = (
				75CEC0CE1C20BED2006A7675 /* EntregaAeronaveViewController.h */,
				75CEC0CF1C20BED2006A7675 /* EntregaAeronaveViewController.m */,
				75CEC0D21C210DE2006A7675 /* DetalleEntregaAeronaveViewController.h */,
				75CEC0D31C210DE2006A7675 /* DetalleEntregaAeronaveViewController.m */,
			);
			name = EntregaAeronave;
			sourceTree = "<group>";
		};
		75CEC0DB1C228A42006A7675 /* MisionCumplida */ = {
			isa = PBXGroup;
			children = (
				75CEC0D81C2276A2006A7675 /* MisionCumplidaViewController.h */,
				75CEC0D91C2276A2006A7675 /* MisionCumplidaViewController.m */,
			);
			name = MisionCumplida;
			sourceTree = "<group>";
		};
		75EB80A31BABD5720040B2CF /* Assets */ = {
			isa = PBXGroup;
			children = (
				75EB80A41BABD57B0040B2CF /* Login */,
			);
			name = Assets;
			sourceTree = "<group>";
		};
		75EB80A41BABD57B0040B2CF /* Login */ = {
			isa = PBXGroup;
			children = (
				75ED2AA01E4C2B04007FFA21 /* ipad.jpg */,
				750CEA621D8251A700A52809 /* ipad1.jpg */,
				756AF5091BABE0D900AA5A57 /* Bitmap@1x.png */,
				756AF50A1BABE0D900AA5A57 /* Bitmap@2x.png */,
				756AF50B1BABE0D900AA5A57 /* Bitmap@3x.png */,
				756AF50C1BABE0D900AA5A57 /* button@1x.png */,
				756AF50D1BABE0D900AA5A57 /* button@2x.png */,
				756AF50E1BABE0D900AA5A57 /* button@3x.png */,
				756AF50F1BABE0D900AA5A57 /* Rectangle 54 Copy@1x.png */,
				756AF5101BABE0D900AA5A57 /* Rectangle 54 Copy@2x.png */,
				756AF5111BABE0D900AA5A57 /* Rectangle 54 Copy@3x.png */,
				756AF5121BABE0D900AA5A57 /* Rectangle 54@1x.png */,
				756AF5131BABE0D900AA5A57 /* Rectangle 54@2x.png */,
				756AF5141BABE0D900AA5A57 /* Rectangle 54@3x.png */,
				756AF5151BABE0D900AA5A57 /* Rectangle 267@1x.png */,
				756AF5161BABE0D900AA5A57 /* Rectangle 267@2x.png */,
				756AF5171BABE0D900AA5A57 /* Rectangle 267@3x.png */,
			);
			name = Login;
			sourceTree = "<group>";
		};
/* End PBXGroup section */

/* Begin PBXNativeTarget section */
		754D7A691B8D56AB00A1B158 /* Aviacion */ = {
			isa = PBXNativeTarget;
			buildConfigurationList = 754D7A931B8D56AB00A1B158 /* Build configuration list for PBXNativeTarget "Aviacion" */;
			buildPhases = (
				754D7A661B8D56AB00A1B158 /* Sources */,
				754D7A671B8D56AB00A1B158 /* Frameworks */,
				754D7A681B8D56AB00A1B158 /* Resources */,
			);
			buildRules = (
			);
			dependencies = (
			);
			name = Aviacion;
			productName = Aviacion;
			productReference = 754D7A6A1B8D56AB00A1B158 /* Aviacion.app */;
			productType = "com.apple.product-type.application";
		};
/* End PBXNativeTarget section */

/* Begin PBXProject section */
		754D7A621B8D56AB00A1B158 /* Project object */ = {
			isa = PBXProject;
			attributes = {
				LastUpgradeCheck = 0700;
				ORGANIZATIONNAME = "Sinte Soluciones";
				TargetAttributes = {
					754D7A691B8D56AB00A1B158 = {
						CreatedOnToolsVersion = 6.4;
						DevelopmentTeam = 5D3P33D6XQ;
					};
				};
			};
			buildConfigurationList = 754D7A651B8D56AB00A1B158 /* Build configuration list for PBXProject "Aviacion" */;
			compatibilityVersion = "Xcode 3.2";
			developmentRegion = English;
			hasScannedForEncodings = 0;
			knownRegions = (
				en,
				Base,
			);
			mainGroup = 754D7A611B8D56AB00A1B158;
			productRefGroup = 754D7A6B1B8D56AB00A1B158 /* Products */;
			projectDirPath = "";
			projectRoot = "";
			targets = (
				754D7A691B8D56AB00A1B158 /* Aviacion */,
			);
		};
/* End PBXProject section */

/* Begin PBXResourcesBuildPhase section */
		754D7A681B8D56AB00A1B158 /* Resources */ = {
			isa = PBXResourcesBuildPhase;
			buildActionMask = 2147483647;
			files = (
				756AF5251BABE0D900AA5A57 /* Rectangle 267@2x.png in Resources */,
				756AF5231BABE0D900AA5A57 /* Rectangle 54@3x.png in Resources */,
				756AF51B1BABE0D900AA5A57 /* button@1x.png in Resources */,
				754D7A7F1B8D56AB00A1B158 /* Main.storyboard in Resources */,
				756AF5221BABE0D900AA5A57 /* Rectangle 54@2x.png in Resources */,
				756AF5241BABE0D900AA5A57 /* Rectangle 267@1x.png in Resources */,
				754D7A841B8D56AB00A1B158 /* LaunchScreen.xib in Resources */,
				750CEA631D8251A700A52809 /* ipad1.jpg in Resources */,
				756AF5181BABE0D900AA5A57 /* Bitmap@1x.png in Resources */,
				756AF5191BABE0D900AA5A57 /* Bitmap@2x.png in Resources */,
				756AF51E1BABE0D900AA5A57 /* Rectangle 54 Copy@1x.png in Resources */,
				756AF51A1BABE0D900AA5A57 /* Bitmap@3x.png in Resources */,
				756AF51C1BABE0D900AA5A57 /* button@2x.png in Resources */,
				756AF5261BABE0D900AA5A57 /* Rectangle 267@3x.png in Resources */,
				756AF5211BABE0D900AA5A57 /* Rectangle 54@1x.png in Resources */,
				756AF51F1BABE0D900AA5A57 /* Rectangle 54 Copy@2x.png in Resources */,
				75ED2AA11E4C2B04007FFA21 /* ipad.jpg in Resources */,
				756AF51D1BABE0D900AA5A57 /* button@3x.png in Resources */,
				754D7A811B8D56AB00A1B158 /* Images.xcassets in Resources */,
				756AF5201BABE0D900AA5A57 /* Rectangle 54 Copy@3x.png in Resources */,
			);
			runOnlyForDeploymentPostprocessing = 0;
		};
/* End PBXResourcesBuildPhase section */

/* Begin PBXSourcesBuildPhase section */
		754D7A661B8D56AB00A1B158 /* Sources */ = {
			isa = PBXSourcesBuildPhase;
			buildActionMask = 2147483647;
			files = (
				75CEC0DA1C2276A2006A7675 /* MisionCumplidaViewController.m in Sources */,
				754D7A9F1B8FF82F00A1B158 /* IAmCoder.m in Sources */,
				75CEC0C71C1CEFD6006A7675 /* TanqueoArmamentoRequerimientoCell.m in Sources */,
				754D7AAA1B90096900A1B158 /* FirstViewController.m in Sources */,
				750112CC1C177C3B003628BF /* OrdenDeVueloViewController.m in Sources */,
				750112C71C167CDC003628BF /* MBProgressHUD.m in Sources */,
				756A2BC61BA9CC9200A1B4B9 /* TripulacionCell.m in Sources */,
				756A2BCC1BAA298000A1B4B9 /* MunicionImpactosCell.m in Sources */,
				75CEC0CD1C1F956B006A7675 /* RiesgoAlaRotatoriaViewController.m in Sources */,
				750112D81C1A8D4A003628BF /* FrecuenciasTableViewCell.m in Sources */,
				750112DE1C1A94E8003628BF /* TripulacionFragmentariaCell.m in Sources */,
				756A2B891BA7AAB400A1B4B9 /* Model.xcdatamodeld in Sources */,
				754D7A7C1B8D56AB00A1B158 /* DetailViewController.m in Sources */,
				750112DB1C1A9120003628BF /* RestriccionCell.m in Sources */,
				756A2BC91BA9D29C00A1B4B9 /* GenericDetailViewController.m in Sources */,
				754D7AAD1B901F2900A1B158 /* MainViewController.m in Sources */,
				75AB152E1C1299B20091CC7C /* RiesgoAlaFijaViewController.m in Sources */,
				754D7A9B1B8FF7B100A1B158 /* ServerCommunicator.m in Sources */,
				75CEC0CA1C1D07A9006A7675 /* PiernasRequerimientoCell.m in Sources */,
				756A2B7F1BA3805200A1B4B9 /* PiernasDetailViewController.m in Sources */,
				75CEC0D71C211602006A7675 /* EntregaAeronaveCell.m in Sources */,
				752D0DDF1F46A250008D6CE0 /* ListSaver.m in Sources */,
				750112E11C1BE874003628BF /* RequerimientoViewController.m in Sources */,
				754D7A791B8D56AB00A1B158 /* MasterViewController.m in Sources */,
				754D7A731B8D56AB00A1B158 /* AppDelegate.m in Sources */,
				756A2B831BA3886A00A1B4B9 /* PiernasCell.m in Sources */,
				754D7A761B8D56AB00A1B158 /* Aviacion.xcdatamodeld in Sources */,
				75AB15351C137E9F0091CC7C /* ListasFijas.m in Sources */,
				756A2BC31BA902E600A1B4B9 /* GenericTableViewController.m in Sources */,
				75CEC0D01C20BED2006A7675 /* EntregaAeronaveViewController.m in Sources */,
				754D7A701B8D56AB00A1B158 /* main.m in Sources */,
				75CEC0D41C210DE2006A7675 /* DetalleEntregaAeronaveViewController.m in Sources */,
				750112D51C17B68A003628BF /* OrdenFragmentariaViewController.m in Sources */,
				756A2BCF1BAA299F00A1B4B9 /* PuntosCell.m in Sources */,
				754D7AA51B9003E000A1B158 /* FileSaver.m in Sources */,
				756A2B771BA3706A00A1B4B9 /* RegistroDeVueloViewController.m in Sources */,
				750112CF1C178A7E003628BF /* TripulacionOrdenCell.m in Sources */,
				756A2B7C1BA37E4500A1B4B9 /* PiernasListTableViewController.m in Sources */,
			);
			runOnlyForDeploymentPostprocessing = 0;
		};
/* End PBXSourcesBuildPhase section */

/* Begin PBXVariantGroup section */
		754D7A7D1B8D56AB00A1B158 /* Main.storyboard */ = {
			isa = PBXVariantGroup;
			children = (
				754D7A7E1B8D56AB00A1B158 /* Base */,
			);
			name = Main.storyboard;
			sourceTree = "<group>";
		};
		754D7A821B8D56AB00A1B158 /* LaunchScreen.xib */ = {
			isa = PBXVariantGroup;
			children = (
				754D7A831B8D56AB00A1B158 /* Base */,
			);
			name = LaunchScreen.xib;
			sourceTree = "<group>";
		};
/* End PBXVariantGroup section */

/* Begin XCBuildConfiguration section */
		751DFEA51C275FBC00010DDD /* AdHoc */ = {
			isa = XCBuildConfiguration;
			buildSettings = {
				ALWAYS_SEARCH_USER_PATHS = NO;
				CLANG_CXX_LANGUAGE_STANDARD = "gnu++0x";
				CLANG_CXX_LIBRARY = "libc++";
				CLANG_ENABLE_MODULES = YES;
				CLANG_ENABLE_OBJC_ARC = YES;
				CLANG_WARN_BOOL_CONVERSION = YES;
				CLANG_WARN_CONSTANT_CONVERSION = YES;
				CLANG_WARN_DIRECT_OBJC_ISA_USAGE = YES_ERROR;
				CLANG_WARN_EMPTY_BODY = YES;
				CLANG_WARN_ENUM_CONVERSION = YES;
				CLANG_WARN_INT_CONVERSION = YES;
				CLANG_WARN_OBJC_ROOT_CLASS = YES_ERROR;
				CLANG_WARN_UNREACHABLE_CODE = YES;
				CLANG_WARN__DUPLICATE_METHOD_MATCH = YES;
				CODE_SIGN_IDENTITY = "iPhone Distribution: EJERCITO NACIONAL-JEFATURA DE AVIACION";
				"CODE_SIGN_IDENTITY[sdk=iphoneos*]" = "iPhone Distribution: EJERCITO NACIONAL-JEFATURA DE AVIACION";
				COPY_PHASE_STRIP = NO;
				DEBUG_INFORMATION_FORMAT = "dwarf-with-dsym";
				ENABLE_NS_ASSERTIONS = NO;
				ENABLE_STRICT_OBJC_MSGSEND = YES;
				GCC_C_LANGUAGE_STANDARD = gnu99;
				GCC_NO_COMMON_BLOCKS = YES;
				GCC_WARN_64_TO_32_BIT_CONVERSION = YES;
				GCC_WARN_ABOUT_RETURN_TYPE = YES_ERROR;
				GCC_WARN_UNDECLARED_SELECTOR = YES;
				GCC_WARN_UNINITIALIZED_AUTOS = YES_AGGRESSIVE;
				GCC_WARN_UNUSED_FUNCTION = YES;
				GCC_WARN_UNUSED_VARIABLE = YES;
				IPHONEOS_DEPLOYMENT_TARGET = 8.4;
				MTL_ENABLE_DEBUG_INFO = NO;
				PROVISIONING_PROFILE = "1f6c8883-174e-4226-bd15-1eb8c3a2901c";
				SDKROOT = iphoneos;
				TARGETED_DEVICE_FAMILY = 2;
				VALIDATE_PRODUCT = YES;
			};
			name = AdHoc;
		};
		751DFEA61C275FBC00010DDD /* AdHoc */ = {
			isa = XCBuildConfiguration;
			buildSettings = {
				ASSETCATALOG_COMPILER_APPICON_NAME = AppIcon;
				CODE_SIGN_IDENTITY = "iPhone Distribution: EJERCITO NACIONAL-JEFATURA DE AVIACION";
				"CODE_SIGN_IDENTITY[sdk=iphoneos*]" = "iPhone Distribution: EJERCITO NACIONAL-JEFATURA DE AVIACION";
				DEVELOPMENT_TEAM = 5D3P33D6XQ;
				INFOPLIST_FILE = Aviacion/Info.plist;
				IPHONEOS_DEPLOYMENT_TARGET = 8.0;
				LD_RUNPATH_SEARCH_PATHS = "$(inherited) @executable_path/Frameworks";
				PRODUCT_BUNDLE_IDENTIFIER = com.ejercito.maletin;
				PRODUCT_NAME = "$(TARGET_NAME)";
				PROVISIONING_PROFILE = "1f6c8883-174e-4226-bd15-1eb8c3a2901c";
				PROVISIONING_PROFILE_SPECIFIER = MaletinAdHoc;
			};
			name = AdHoc;
		};
		754D7A911B8D56AB00A1B158 /* Debug */ = {
			isa = XCBuildConfiguration;
			buildSettings = {
				ALWAYS_SEARCH_USER_PATHS = NO;
				CLANG_CXX_LANGUAGE_STANDARD = "gnu++0x";
				CLANG_CXX_LIBRARY = "libc++";
				CLANG_ENABLE_MODULES = YES;
				CLANG_ENABLE_OBJC_ARC = YES;
				CLANG_WARN_BOOL_CONVERSION = YES;
				CLANG_WARN_CONSTANT_CONVERSION = YES;
				CLANG_WARN_DIRECT_OBJC_ISA_USAGE = YES_ERROR;
				CLANG_WARN_EMPTY_BODY = YES;
				CLANG_WARN_ENUM_CONVERSION = YES;
				CLANG_WARN_INT_CONVERSION = YES;
				CLANG_WARN_OBJC_ROOT_CLASS = YES_ERROR;
				CLANG_WARN_UNREACHABLE_CODE = YES;
				CLANG_WARN__DUPLICATE_METHOD_MATCH = YES;
				"CODE_SIGN_IDENTITY[sdk=iphoneos*]" = "";
				COPY_PHASE_STRIP = NO;
				DEBUG_INFORMATION_FORMAT = "dwarf-with-dsym";
				ENABLE_STRICT_OBJC_MSGSEND = YES;
				ENABLE_TESTABILITY = YES;
				GCC_C_LANGUAGE_STANDARD = gnu99;
				GCC_DYNAMIC_NO_PIC = NO;
				GCC_NO_COMMON_BLOCKS = YES;
				GCC_OPTIMIZATION_LEVEL = 0;
				GCC_PREPROCESSOR_DEFINITIONS = (
					"DEBUG=1",
					"$(inherited)",
				);
				GCC_SYMBOLS_PRIVATE_EXTERN = NO;
				GCC_WARN_64_TO_32_BIT_CONVERSION = YES;
				GCC_WARN_ABOUT_RETURN_TYPE = YES_ERROR;
				GCC_WARN_UNDECLARED_SELECTOR = YES;
				GCC_WARN_UNINITIALIZED_AUTOS = YES_AGGRESSIVE;
				GCC_WARN_UNUSED_FUNCTION = YES;
				GCC_WARN_UNUSED_VARIABLE = YES;
				IPHONEOS_DEPLOYMENT_TARGET = 8.4;
				MTL_ENABLE_DEBUG_INFO = YES;
				ONLY_ACTIVE_ARCH = YES;
				PROVISIONING_PROFILE = "";
				SDKROOT = iphoneos;
				TARGETED_DEVICE_FAMILY = 2;
			};
			name = Debug;
		};
		754D7A921B8D56AB00A1B158 /* Release */ = {
			isa = XCBuildConfiguration;
			buildSettings = {
				ALWAYS_SEARCH_USER_PATHS = NO;
				CLANG_CXX_LANGUAGE_STANDARD = "gnu++0x";
				CLANG_CXX_LIBRARY = "libc++";
				CLANG_ENABLE_MODULES = YES;
				CLANG_ENABLE_OBJC_ARC = YES;
				CLANG_WARN_BOOL_CONVERSION = YES;
				CLANG_WARN_CONSTANT_CONVERSION = YES;
				CLANG_WARN_DIRECT_OBJC_ISA_USAGE = YES_ERROR;
				CLANG_WARN_EMPTY_BODY = YES;
				CLANG_WARN_ENUM_CONVERSION = YES;
				CLANG_WARN_INT_CONVERSION = YES;
				CLANG_WARN_OBJC_ROOT_CLASS = YES_ERROR;
				CLANG_WARN_UNREACHABLE_CODE = YES;
				CLANG_WARN__DUPLICATE_METHOD_MATCH = YES;
				CODE_SIGN_IDENTITY = "iPhone Distribution: EJERCITO NACIONAL-JEFATURA DE AVIACION";
				"CODE_SIGN_IDENTITY[sdk=iphoneos*]" = "iPhone Distribution: EJERCITO NACIONAL-JEFATURA DE AVIACION";
				COPY_PHASE_STRIP = NO;
				DEBUG_INFORMATION_FORMAT = "dwarf-with-dsym";
				ENABLE_NS_ASSERTIONS = NO;
				ENABLE_STRICT_OBJC_MSGSEND = YES;
				GCC_C_LANGUAGE_STANDARD = gnu99;
				GCC_NO_COMMON_BLOCKS = YES;
				GCC_WARN_64_TO_32_BIT_CONVERSION = YES;
				GCC_WARN_ABOUT_RETURN_TYPE = YES_ERROR;
				GCC_WARN_UNDECLARED_SELECTOR = YES;
				GCC_WARN_UNINITIALIZED_AUTOS = YES_AGGRESSIVE;
				GCC_WARN_UNUSED_FUNCTION = YES;
				GCC_WARN_UNUSED_VARIABLE = YES;
				IPHONEOS_DEPLOYMENT_TARGET = 8.4;
				MTL_ENABLE_DEBUG_INFO = NO;
				SDKROOT = iphoneos;
				TARGETED_DEVICE_FAMILY = 2;
				VALIDATE_PRODUCT = YES;
			};
			name = Release;
		};
		754D7A941B8D56AB00A1B158 /* Debug */ = {
			isa = XCBuildConfiguration;
			buildSettings = {
				ASSETCATALOG_COMPILER_APPICON_NAME = AppIcon;
				CODE_SIGN_IDENTITY = "iPhone Developer";
				"CODE_SIGN_IDENTITY[sdk=iphoneos*]" = "iPhone Developer";
				DEVELOPMENT_TEAM = 5D3P33D6XQ;
				INFOPLIST_FILE = Aviacion/Info.plist;
				IPHONEOS_DEPLOYMENT_TARGET = 8.0;
				LD_RUNPATH_SEARCH_PATHS = "$(inherited) @executable_path/Frameworks";
				PRODUCT_BUNDLE_IDENTIFIER = com.ejercito.maletin;
				PRODUCT_NAME = "$(TARGET_NAME)";
				PROVISIONING_PROFILE = "6b01aa55-a5dd-40a1-8998-762c23b6884d";
				PROVISIONING_PROFILE_SPECIFIER = "Aviacion Development";
			};
			name = Debug;
		};
		754D7A951B8D56AB00A1B158 /* Release */ = {
			isa = XCBuildConfiguration;
			buildSettings = {
				ASSETCATALOG_COMPILER_APPICON_NAME = AppIcon;
				CODE_SIGN_IDENTITY = "iPhone Distribution";
				"CODE_SIGN_IDENTITY[sdk=iphoneos*]" = "iPhone Distribution: EJERCITO NACIONAL-JEFATURA DE AVIACION";
				DEVELOPMENT_TEAM = 5D3P33D6XQ;
				INFOPLIST_FILE = Aviacion/Info.plist;
				IPHONEOS_DEPLOYMENT_TARGET = 8.0;
				LD_RUNPATH_SEARCH_PATHS = "$(inherited) @executable_path/Frameworks";
				PRODUCT_BUNDLE_IDENTIFIER = com.ejercito.maletin;
				PRODUCT_NAME = "$(TARGET_NAME)";
				PROVISIONING_PROFILE = "1f6c8883-174e-4226-bd15-1eb8c3a2901c";
				PROVISIONING_PROFILE_SPECIFIER = MaletinAdHoc;
			};
			name = Release;
		};
		756AF5271BACC8F900AA5A57 /* Distribution */ = {
			isa = XCBuildConfiguration;
			buildSettings = {
				ALWAYS_SEARCH_USER_PATHS = NO;
				CLANG_CXX_LANGUAGE_STANDARD = "gnu++0x";
				CLANG_CXX_LIBRARY = "libc++";
				CLANG_ENABLE_MODULES = YES;
				CLANG_ENABLE_OBJC_ARC = YES;
				CLANG_WARN_BOOL_CONVERSION = YES;
				CLANG_WARN_CONSTANT_CONVERSION = YES;
				CLANG_WARN_DIRECT_OBJC_ISA_USAGE = YES_ERROR;
				CLANG_WARN_EMPTY_BODY = YES;
				CLANG_WARN_ENUM_CONVERSION = YES;
				CLANG_WARN_INT_CONVERSION = YES;
				CLANG_WARN_OBJC_ROOT_CLASS = YES_ERROR;
				CLANG_WARN_UNREACHABLE_CODE = YES;
				CLANG_WARN__DUPLICATE_METHOD_MATCH = YES;
				CODE_SIGN_IDENTITY = "iPhone Distribution: EJERCITO NACIONAL-JEFATURA DE AVIACION";
				"CODE_SIGN_IDENTITY[sdk=iphoneos*]" = "iPhone Distribution: EJERCITO NACIONAL-JEFATURA DE AVIACION";
				COPY_PHASE_STRIP = NO;
				DEBUG_INFORMATION_FORMAT = "dwarf-with-dsym";
				ENABLE_NS_ASSERTIONS = NO;
				ENABLE_STRICT_OBJC_MSGSEND = YES;
				GCC_C_LANGUAGE_STANDARD = gnu99;
				GCC_NO_COMMON_BLOCKS = YES;
				GCC_WARN_64_TO_32_BIT_CONVERSION = YES;
				GCC_WARN_ABOUT_RETURN_TYPE = YES_ERROR;
				GCC_WARN_UNDECLARED_SELECTOR = YES;
				GCC_WARN_UNINITIALIZED_AUTOS = YES_AGGRESSIVE;
				GCC_WARN_UNUSED_FUNCTION = YES;
				GCC_WARN_UNUSED_VARIABLE = YES;
				IPHONEOS_DEPLOYMENT_TARGET = 8.4;
				MTL_ENABLE_DEBUG_INFO = NO;
				PROVISIONING_PROFILE = "1f6c8883-174e-4226-bd15-1eb8c3a2901c";
				SDKROOT = iphoneos;
				TARGETED_DEVICE_FAMILY = 2;
				VALIDATE_PRODUCT = YES;
			};
			name = Distribution;
		};
		756AF5281BACC8F900AA5A57 /* Distribution */ = {
			isa = XCBuildConfiguration;
			buildSettings = {
				ASSETCATALOG_COMPILER_APPICON_NAME = AppIcon;
				CODE_SIGN_IDENTITY = "iPhone Distribution: EJERCITO NACIONAL-JEFATURA DE AVIACION";
				"CODE_SIGN_IDENTITY[sdk=iphoneos*]" = "iPhone Distribution: EJERCITO NACIONAL-JEFATURA DE AVIACION";
				DEVELOPMENT_TEAM = 5D3P33D6XQ;
				INFOPLIST_FILE = Aviacion/Info.plist;
				IPHONEOS_DEPLOYMENT_TARGET = 8.0;
				LD_RUNPATH_SEARCH_PATHS = "$(inherited) @executable_path/Frameworks";
				PRODUCT_BUNDLE_IDENTIFIER = com.ejercito.maletin;
				PRODUCT_NAME = "$(TARGET_NAME)";
				PROVISIONING_PROFILE = "1f6c8883-174e-4226-bd15-1eb8c3a2901c";
				PROVISIONING_PROFILE_SPECIFIER = MaletinAdHoc;
			};
			name = Distribution;
		};
/* End XCBuildConfiguration section */

/* Begin XCConfigurationList section */
		754D7A651B8D56AB00A1B158 /* Build configuration list for PBXProject "Aviacion" */ = {
			isa = XCConfigurationList;
			buildConfigurations = (
				754D7A911B8D56AB00A1B158 /* Debug */,
				754D7A921B8D56AB00A1B158 /* Release */,
				756AF5271BACC8F900AA5A57 /* Distribution */,
				751DFEA51C275FBC00010DDD /* AdHoc */,
			);
			defaultConfigurationIsVisible = 0;
			defaultConfigurationName = Release;
		};
		754D7A931B8D56AB00A1B158 /* Build configuration list for PBXNativeTarget "Aviacion" */ = {
			isa = XCConfigurationList;
			buildConfigurations = (
				754D7A941B8D56AB00A1B158 /* Debug */,
				754D7A951B8D56AB00A1B158 /* Release */,
				756AF5281BACC8F900AA5A57 /* Distribution */,
				751DFEA61C275FBC00010DDD /* AdHoc */,
			);
			defaultConfigurationIsVisible = 0;
			defaultConfigurationName = Release;
		};
/* End XCConfigurationList section */

/* Begin XCVersionGroup section */
		754D7A741B8D56AB00A1B158 /* Aviacion.xcdatamodeld */ = {
			isa = XCVersionGroup;
			children = (
				754D7A751B8D56AB00A1B158 /* Aviacion.xcdatamodel */,
			);
			currentVersion = 754D7A751B8D56AB00A1B158 /* Aviacion.xcdatamodel */;
			path = Aviacion.xcdatamodeld;
			sourceTree = "<group>";
			versionGroupType = wrapper.xcdatamodel;
		};
		756A2B871BA7AAB400A1B4B9 /* Model.xcdatamodeld */ = {
			isa = XCVersionGroup;
			children = (
				756A2B881BA7AAB400A1B4B9 /* Model.xcdatamodel */,
			);
			currentVersion = 756A2B881BA7AAB400A1B4B9 /* Model.xcdatamodel */;
			path = Model.xcdatamodeld;
			sourceTree = "<group>";
			versionGroupType = wrapper.xcdatamodel;
		};
/* End XCVersionGroup section */
	};
	rootObject = 754D7A621B8D56AB00A1B158 /* Project object */;
}
